
Microsoft Visual Studio Solution File, Format Version 12.00
# Visual Studio Version 17
VisualStudioVersion = 17.0.31717.71
MinimumVisualStudioVersion = 10.0.40219.1
Project("{E7ABF35E-0047-44DC-9E20-6619C75923DE}") = "BlazorSite3.Server", "Server\BlazorSite3.Server.csproj", "{8490433D-05E2-4E78-AFFF-FEBBD29D1C12}"
EndProject
Project("{E7ABF35E-0047-44DC-9E20-6619C75923DE}") = "BlazorSite3.Client", "Client\BlazorSite3.Client.csproj", "{D12BD9BA-303B-4885-B99C-2DBAFF13B173}"
EndProject
Project("{E7ABF35E-0047-44DC-9E20-6619C75923DE}") = "BlazorSite3.Shared", "Shared\BlazorSite3.Shared.csproj", "{7B8015C8-6F81-4AC4-9F5F-2461FC025737}"
EndProject
Global
	GlobalSection(SolutionConfigurationPlatforms) = preSolution
		Debug|Any CPU = Debug|Any CPU
		Release|Any CPU = Release|Any CPU
	EndGlobalSection
	GlobalSection(ProjectConfigurationPlatforms) = postSolution
		{8490433D-05E2-4E78-AFFF-FEBBD29D1C12}.Debug|Any CPU.ActiveCfg = Debug|Any CPU
		{8490433D-05E2-4E78-AFFF-FEBBD29D1C12}.Debug|Any CPU.Build.0 = Debug|Any CPU
		{8490433D-05E2-4E78-AFFF-FEBBD29D1C12}.Release|Any CPU.ActiveCfg = Release|Any CPU
		{8490433D-05E2-4E78-AFFF-FEBBD29D1C12}.Release|Any CPU.Build.0 = Release|Any CPU
		{D12BD9BA-303B-4885-B99C-2DBAFF13B173}.Debug|Any CPU.ActiveCfg = Debug|Any CPU
		{D12BD9BA-303B-4885-B99C-2DBAFF13B173}.Debug|Any CPU.Build.0 = Debug|Any CPU
		{D12BD9BA-303B-4885-B99C-2DBAFF13B173}.Release|Any CPU.ActiveCfg = Release|Any CPU
		{D12BD9BA-303B-4885-B99C-2DBAFF13B173}.Release|Any CPU.Build.0 = Release|Any CPU
		{7B8015C8-6F81-4AC4-9F5F-2461FC025737}.Debug|Any CPU.ActiveCfg = Debug|Any CPU
		{7B8015C8-6F81-4AC4-9F5F-2461FC025737}.Debug|Any CPU.Build.0 = Debug|Any CPU
		{7B8015C8-6F81-4AC4-9F5F-2461FC025737}.Release|Any CPU.ActiveCfg = Release|Any CPU
		{7B8015C8-6F81-4AC4-9F5F-2461FC025737}.Release|Any CPU.Build.0 = Release|Any CPU
	EndGlobalSection
	GlobalSection(SolutionProperties) = preSolution
		HideSolutionNode = FALSE
	EndGlobalSection
	GlobalSection(ExtensibilityGlobals) = postSolution
		SolutionGuid = {485ABDA5-24EC-4AEA-9480-669C5BFE46D6}
	EndGlobalSection
EndGlobal